
Microsoft Visual Studio Solution File, Format Version 12.00
# Visual Studio Version 16
VisualStudioVersion = 16.0.32106.194
MinimumVisualStudioVersion = 10.0.40219.1
Project("{9A19103F-16F7-4668-BE54-9A1E7A4F7556}") = "ListaVeiculos.Api", "ListaVeiculos.Api\ListaVeiculos.Api.csproj", "{A16171F8-5B48-4F6C-B42A-F10762C44260}"
EndProject
Project("{E53339B2-1760-4266-BCC7-CA923CBCF16C}") = "docker-compose", "docker-compose.dcproj", "{C5A88E4D-70CF-407E-9E92-699CE28B2196}"
EndProject
Global
	GlobalSection(SolutionConfigurationPlatforms) = preSolution
		Debug|Any CPU = Debug|Any CPU
		Release|Any CPU = Release|Any CPU
	EndGlobalSection
	GlobalSection(ProjectConfigurationPlatforms) = postSolution
		{A16171F8-5B48-4F6C-B42A-F10762C44260}.Debug|Any CPU.ActiveCfg = Debug|Any CPU
		{A16171F8-5B48-4F6C-B42A-F10762C44260}.Debug|Any CPU.Build.0 = Debug|Any CPU
		{A16171F8-5B48-4F6C-B42A-F10762C44260}.Release|Any CPU.ActiveCfg = Release|Any CPU
		{A16171F8-5B48-4F6C-B42A-F10762C44260}.Release|Any CPU.Build.0 = Release|Any CPU
		{C5A88E4D-70CF-407E-9E92-699CE28B2196}.Debug|Any CPU.ActiveCfg = Debug|Any CPU
		{C5A88E4D-70CF-407E-9E92-699CE28B2196}.Debug|Any CPU.Build.0 = Debug|Any CPU
		{C5A88E4D-70CF-407E-9E92-699CE28B2196}.Release|Any CPU.ActiveCfg = Release|Any CPU
		{C5A88E4D-70CF-407E-9E92-699CE28B2196}.Release|Any CPU.Build.0 = Release|Any CPU
	EndGlobalSection
	GlobalSection(SolutionProperties) = preSolution
		HideSolutionNode = FALSE
	EndGlobalSection
	GlobalSection(ExtensibilityGlobals) = postSolution
		SolutionGuid = {E0068796-9EA9-464A-96F9-8994AB0F9DB9}
	EndGlobalSection
EndGlobal
